// !$*UTF8*$!
{
	archiveVersion = 1;
	classes = {
	};
	objectVersion = 46;
	objects = {

/* Begin PBXBuildFile section */
		E682C6EE1E4B1D7B006F3542 /* libHSDatePickerViewController.a in Frameworks */ = {isa = PBXBuildFile; fileRef = E682C6ED1E4B1D7B006F3542 /* libHSDatePickerViewController.a */; };
		E682C6F01E4B1E30006F3542 /* libPods-TutorialApplication.a in Frameworks */ = {isa = PBXBuildFile; fileRef = E682C6EF1E4B1E30006F3542 /* libPods-TutorialApplication.a */; };
		E6D8C3F41E3B954F00C321EF /* DetailViewController.m in Sources */ = {isa = PBXBuildFile; fileRef = E6A48D4B1E35E8DC006AFC10 /* DetailViewController.m */; };
		E6D8C3F51E3B955300C321EF /* MainViewController.m in Sources */ = {isa = PBXBuildFile; fileRef = E6B598861E3241C4008C103A /* MainViewController.m */; };
		E6D8C3F81E3B955F00C321EF /* AppDelegate.m in Sources */ = {isa = PBXBuildFile; fileRef = E6DBE46C1E2D1B4E000D639A /* AppDelegate.m */; };
		E6D8C3F91E3B956300C321EF /* ViewController.m in Sources */ = {isa = PBXBuildFile; fileRef = E6DBE46F1E2D1B4E000D639A /* ViewController.m */; };
		E6D8C3FB1E3B957B00C321EF /* main.m in Sources */ = {isa = PBXBuildFile; fileRef = E6DBE4691E2D1B4E000D639A /* main.m */; };
		E6D8C4031E3B9ACB00C321EF /* CreateEmployeeViewController.m in Sources */ = {isa = PBXBuildFile; fileRef = E69A2C211E38BDE800D1CC47 /* CreateEmployeeViewController.m */; };
		E6D8C4071E3B9BD200C321EF /* CoreData.framework in Frameworks */ = {isa = PBXBuildFile; fileRef = E6D8C4061E3B9BD200C321EF /* CoreData.framework */; };
		E6D8C4091E3BA11B00C321EF /* Organization.m in Sources */ = {isa = PBXBuildFile; fileRef = E6DBE4831E2D1B85000D639A /* Organization.m */; };
		E6D8C40A1E3BA12000C321EF /* Employee.m in Sources */ = {isa = PBXBuildFile; fileRef = E6DBE4801E2D1B71000D639A /* Employee.m */; };
		E6DBE4731E2D1B4E000D639A /* Main.storyboard in Resources */ = {isa = PBXBuildFile; fileRef = E6DBE4711E2D1B4E000D639A /* Main.storyboard */; };
		E6DBE4751E2D1B4E000D639A /* Assets.xcassets in Resources */ = {isa = PBXBuildFile; fileRef = E6DBE4741E2D1B4E000D639A /* Assets.xcassets */; };
		E6DBE4781E2D1B4E000D639A /* LaunchScreen.storyboard in Resources */ = {isa = PBXBuildFile; fileRef = E6DBE4761E2D1B4E000D639A /* LaunchScreen.storyboard */; };
		E6F1217A1E407F0D00090373 /* TutorialApplication.xcdatamodeld in Sources */ = {isa = PBXBuildFile; fileRef = E6D8C3E11E3B77B000C321EF /* TutorialApplication.xcdatamodeld */; };
		E6F122101E409C7400090373 /* FFEmployee+CoreDataClass.m in Sources */ = {isa = PBXBuildFile; fileRef = E6F122091E409C7400090373 /* FFEmployee+CoreDataClass.m */; };
		E6F122111E409C7400090373 /* FFEmployee+CoreDataProperties.m in Sources */ = {isa = PBXBuildFile; fileRef = E6F1220B1E409C7400090373 /* FFEmployee+CoreDataProperties.m */; };
		E6F122121E409C7400090373 /* FFOrganization+CoreDataClass.m in Sources */ = {isa = PBXBuildFile; fileRef = E6F1220D1E409C7400090373 /* FFOrganization+CoreDataClass.m */; };
		E6F122131E409C7400090373 /* FFOrganization+CoreDataProperties.m in Sources */ = {isa = PBXBuildFile; fileRef = E6F1220F1E409C7400090373 /* FFOrganization+CoreDataProperties.m */; };
		E6F122161E40A88100090373 /* DatabaseController.m in Sources */ = {isa = PBXBuildFile; fileRef = E6F122141E40A88100090373 /* DatabaseController.m */; };
/* End PBXBuildFile section */

/* Begin PBXFileReference section */
		11CEBB77B402CCC83724382D /* Pods-TutorialApplication.release.xcconfig */ = {isa = PBXFileReference; includeInIndex = 1; lastKnownFileType = text.xcconfig; name = "Pods-TutorialApplication.release.xcconfig"; path = "Pods/Target Support Files/Pods-TutorialApplication/Pods-TutorialApplication.release.xcconfig"; sourceTree = "<group>"; };
		C5DAEB690B5F203228DE58FB /* Pods-TutorialApplication.debug.xcconfig */ = {isa = PBXFileReference; includeInIndex = 1; lastKnownFileType = text.xcconfig; name = "Pods-TutorialApplication.debug.xcconfig"; path = "Pods/Target Support Files/Pods-TutorialApplication/Pods-TutorialApplication.debug.xcconfig"; sourceTree = "<group>"; };
		E682C6ED1E4B1D7B006F3542 /* libHSDatePickerViewController.a */ = {isa = PBXFileReference; lastKnownFileType = archive.ar; name = libHSDatePickerViewController.a; path = "../Library/Developer/Xcode/DerivedData/TutorialApplication-attitflntzgaohfvdfgvyxmbrxhn/Build/Products/Debug-iphonesimulator/HSDatePickerViewController/libHSDatePickerViewController.a"; sourceTree = "<group>"; };
		E682C6EF1E4B1E30006F3542 /* libPods-TutorialApplication.a */ = {isa = PBXFileReference; lastKnownFileType = archive.ar; name = "libPods-TutorialApplication.a"; path = "../Library/Developer/Xcode/DerivedData/TutorialApplication-attitflntzgaohfvdfgvyxmbrxhn/Build/Products/Debug-iphonesimulator/libPods-TutorialApplication.a"; sourceTree = "<group>"; };
		E69A2C201E38BDE800D1CC47 /* CreateEmployeeViewController.h */ = {isa = PBXFileReference; fileEncoding = 4; lastKnownFileType = sourcecode.c.h; path = CreateEmployeeViewController.h; sourceTree = "<group>"; };
		E69A2C211E38BDE800D1CC47 /* CreateEmployeeViewController.m */ = {isa = PBXFileReference; fileEncoding = 4; lastKnownFileType = sourcecode.c.objc; path = CreateEmployeeViewController.m; sourceTree = "<group>"; };
		E6A48D4A1E35E8DC006AFC10 /* DetailViewController.h */ = {isa = PBXFileReference; fileEncoding = 4; lastKnownFileType = sourcecode.c.h; path = DetailViewController.h; sourceTree = "<group>"; };
		E6A48D4B1E35E8DC006AFC10 /* DetailViewController.m */ = {isa = PBXFileReference; fileEncoding = 4; lastKnownFileType = sourcecode.c.objc; path = DetailViewController.m; sourceTree = "<group>"; };
		E6B598851E3241C4008C103A /* MainViewController.h */ = {isa = PBXFileReference; fileEncoding = 4; lastKnownFileType = sourcecode.c.h; path = MainViewController.h; sourceTree = "<group>"; };
		E6B598861E3241C4008C103A /* MainViewController.m */ = {isa = PBXFileReference; fileEncoding = 4; lastKnownFileType = sourcecode.c.objc; path = MainViewController.m; sourceTree = "<group>"; };
		E6D8C3E21E3B77B000C321EF /* TutorialApplication.xcdatamodel */ = {isa = PBXFileReference; lastKnownFileType = wrapper.xcdatamodel; path = TutorialApplication.xcdatamodel; sourceTree = "<group>"; };
		E6D8C4061E3B9BD200C321EF /* CoreData.framework */ = {isa = PBXFileReference; lastKnownFileType = wrapper.framework; name = CoreData.framework; path = System/Library/Frameworks/CoreData.framework; sourceTree = SDKROOT; };
		E6DBE4651E2D1B4E000D639A /* TutorialApplication.app */ = {isa = PBXFileReference; explicitFileType = wrapper.application; includeInIndex = 0; path = TutorialApplication.app; sourceTree = BUILT_PRODUCTS_DIR; };
		E6DBE4691E2D1B4E000D639A /* main.m */ = {isa = PBXFileReference; lastKnownFileType = sourcecode.c.objc; path = main.m; sourceTree = "<group>"; };
		E6DBE46B1E2D1B4E000D639A /* AppDelegate.h */ = {isa = PBXFileReference; lastKnownFileType = sourcecode.c.h; path = AppDelegate.h; sourceTree = "<group>"; };
		E6DBE46C1E2D1B4E000D639A /* AppDelegate.m */ = {isa = PBXFileReference; lastKnownFileType = sourcecode.c.objc; path = AppDelegate.m; sourceTree = "<group>"; };
		E6DBE46E1E2D1B4E000D639A /* ViewController.h */ = {isa = PBXFileReference; lastKnownFileType = sourcecode.c.h; path = ViewController.h; sourceTree = "<group>"; };
		E6DBE46F1E2D1B4E000D639A /* ViewController.m */ = {isa = PBXFileReference; lastKnownFileType = sourcecode.c.objc; path = ViewController.m; sourceTree = "<group>"; };
		E6DBE4721E2D1B4E000D639A /* Base */ = {isa = PBXFileReference; lastKnownFileType = file.storyboard; name = Base; path = Base.lproj/Main.storyboard; sourceTree = "<group>"; };
		E6DBE4741E2D1B4E000D639A /* Assets.xcassets */ = {isa = PBXFileReference; lastKnownFileType = folder.assetcatalog; path = Assets.xcassets; sourceTree = "<group>"; };
		E6DBE4771E2D1B4E000D639A /* Base */ = {isa = PBXFileReference; lastKnownFileType = file.storyboard; name = Base; path = Base.lproj/LaunchScreen.storyboard; sourceTree = "<group>"; };
		E6DBE4791E2D1B4E000D639A /* Info.plist */ = {isa = PBXFileReference; lastKnownFileType = text.plist.xml; path = Info.plist; sourceTree = "<group>"; };
		E6DBE47F1E2D1B71000D639A /* Employee.h */ = {isa = PBXFileReference; fileEncoding = 4; lastKnownFileType = sourcecode.c.h; path = Employee.h; sourceTree = "<group>"; };
		E6DBE4801E2D1B71000D639A /* Employee.m */ = {isa = PBXFileReference; fileEncoding = 4; lastKnownFileType = sourcecode.c.objc; path = Employee.m; sourceTree = "<group>"; };
		E6DBE4821E2D1B85000D639A /* Organization.h */ = {isa = PBXFileReference; fileEncoding = 4; lastKnownFileType = sourcecode.c.h; path = Organization.h; sourceTree = "<group>"; };
		E6DBE4831E2D1B85000D639A /* Organization.m */ = {isa = PBXFileReference; fileEncoding = 4; lastKnownFileType = sourcecode.c.objc; path = Organization.m; sourceTree = "<group>"; };
		E6F122081E409C7400090373 /* FFEmployee+CoreDataClass.h */ = {isa = PBXFileReference; fileEncoding = 4; lastKnownFileType = sourcecode.c.h; path = "FFEmployee+CoreDataClass.h"; sourceTree = "<group>"; };
		E6F122091E409C7400090373 /* FFEmployee+CoreDataClass.m */ = {isa = PBXFileReference; fileEncoding = 4; lastKnownFileType = sourcecode.c.objc; path = "FFEmployee+CoreDataClass.m"; sourceTree = "<group>"; };
		E6F1220A1E409C7400090373 /* FFEmployee+CoreDataProperties.h */ = {isa = PBXFileReference; fileEncoding = 4; lastKnownFileType = sourcecode.c.h; path = "FFEmployee+CoreDataProperties.h"; sourceTree = "<group>"; };
		E6F1220B1E409C7400090373 /* FFEmployee+CoreDataProperties.m */ = {isa = PBXFileReference; fileEncoding = 4; lastKnownFileType = sourcecode.c.objc; path = "FFEmployee+CoreDataProperties.m"; sourceTree = "<group>"; };
		E6F1220C1E409C7400090373 /* FFOrganization+CoreDataClass.h */ = {isa = PBXFileReference; fileEncoding = 4; lastKnownFileType = sourcecode.c.h; path = "FFOrganization+CoreDataClass.h"; sourceTree = "<group>"; };
		E6F1220D1E409C7400090373 /* FFOrganization+CoreDataClass.m */ = {isa = PBXFileReference; fileEncoding = 4; lastKnownFileType = sourcecode.c.objc; path = "FFOrganization+CoreDataClass.m"; sourceTree = "<group>"; };
		E6F1220E1E409C7400090373 /* FFOrganization+CoreDataProperties.h */ = {isa = PBXFileReference; fileEncoding = 4; lastKnownFileType = sourcecode.c.h; path = "FFOrganization+CoreDataProperties.h"; sourceTree = "<group>"; };
		E6F1220F1E409C7400090373 /* FFOrganization+CoreDataProperties.m */ = {isa = PBXFileReference; fileEncoding = 4; lastKnownFileType = sourcecode.c.objc; path = "FFOrganization+CoreDataProperties.m"; sourceTree = "<group>"; };
		E6F122141E40A88100090373 /* DatabaseController.m */ = {isa = PBXFileReference; fileEncoding = 4; lastKnownFileType = sourcecode.c.objc; name = DatabaseController.m; path = ../../Downloads/DatabaseController.m; sourceTree = "<group>"; };
		E6F122151E40A88100090373 /* DatabaseController.h */ = {isa = PBXFileReference; fileEncoding = 4; lastKnownFileType = sourcecode.c.h; name = DatabaseController.h; path = ../../Downloads/DatabaseController.h; sourceTree = "<group>"; };
		EAD0278144955ECE5A1094CB /* libPods-TutorialApplication.a */ = {isa = PBXFileReference; explicitFileType = archive.ar; includeInIndex = 0; path = "libPods-TutorialApplication.a"; sourceTree = BUILT_PRODUCTS_DIR; };
/* End PBXFileReference section */

/* Begin PBXFrameworksBuildPhase section */
		E6DBE4621E2D1B4D000D639A /* Frameworks */ = {
			isa = PBXFrameworksBuildPhase;
			buildActionMask = 2147483647;
			files = (
				E682C6F01E4B1E30006F3542 /* libPods-TutorialApplication.a in Frameworks */,
				E682C6EE1E4B1D7B006F3542 /* libHSDatePickerViewController.a in Frameworks */,
				E6D8C4071E3B9BD200C321EF /* CoreData.framework in Frameworks */,
			);
			runOnlyForDeploymentPostprocessing = 0;
		};
/* End PBXFrameworksBuildPhase section */

/* Begin PBXGroup section */
		45CD1647A500D88D1DCA5A64 /* Pods */ = {
			isa = PBXGroup;
			children = (
				C5DAEB690B5F203228DE58FB /* Pods-TutorialApplication.debug.xcconfig */,
				11CEBB77B402CCC83724382D /* Pods-TutorialApplication.release.xcconfig */,
			);
			name = Pods;
			sourceTree = "<group>";
		};
		E6D8C4051E3B9BD200C321EF /* Frameworks */ = {
			isa = PBXGroup;
			children = (
				E682C6EF1E4B1E30006F3542 /* libPods-TutorialApplication.a */,
				E682C6ED1E4B1D7B006F3542 /* libHSDatePickerViewController.a */,
				E6D8C4061E3B9BD200C321EF /* CoreData.framework */,
				EAD0278144955ECE5A1094CB /* libPods-TutorialApplication.a */,
			);
			name = Frameworks;
			sourceTree = "<group>";
		};
		E6DBE45C1E2D1B4D000D639A = {
			isa = PBXGroup;
			children = (
				E6F122081E409C7400090373 /* FFEmployee+CoreDataClass.h */,
				E6F122091E409C7400090373 /* FFEmployee+CoreDataClass.m */,
				E6F1220A1E409C7400090373 /* FFEmployee+CoreDataProperties.h */,
				E6F1220B1E409C7400090373 /* FFEmployee+CoreDataProperties.m */,
				E6F1220C1E409C7400090373 /* FFOrganization+CoreDataClass.h */,
				E6F1220D1E409C7400090373 /* FFOrganization+CoreDataClass.m */,
				E6F1220E1E409C7400090373 /* FFOrganization+CoreDataProperties.h */,
				E6F1220F1E409C7400090373 /* FFOrganization+CoreDataProperties.m */,
				E6DBE4671E2D1B4E000D639A /* TutorialApplication */,
				E6DBE4661E2D1B4E000D639A /* Products */,
				E6D8C4051E3B9BD200C321EF /* Frameworks */,
				45CD1647A500D88D1DCA5A64 /* Pods */,
			);
			sourceTree = "<group>";
		};
		E6DBE4661E2D1B4E000D639A /* Products */ = {
			isa = PBXGroup;
			children = (
				E6DBE4651E2D1B4E000D639A /* TutorialApplication.app */,
			);
			name = Products;
			sourceTree = "<group>";
		};
		E6DBE4671E2D1B4E000D639A /* TutorialApplication */ = {
			isa = PBXGroup;
			children = (
				E6F122141E40A88100090373 /* DatabaseController.m */,
				E6F122151E40A88100090373 /* DatabaseController.h */,
				E69A2C201E38BDE800D1CC47 /* CreateEmployeeViewController.h */,
				E69A2C211E38BDE800D1CC47 /* CreateEmployeeViewController.m */,
				E6A48D4A1E35E8DC006AFC10 /* DetailViewController.h */,
				E6A48D4B1E35E8DC006AFC10 /* DetailViewController.m */,
				E6B598851E3241C4008C103A /* MainViewController.h */,
				E6B598861E3241C4008C103A /* MainViewController.m */,
				E6DBE4821E2D1B85000D639A /* Organization.h */,
				E6DBE4831E2D1B85000D639A /* Organization.m */,
				E6DBE47F1E2D1B71000D639A /* Employee.h */,
				E6DBE4801E2D1B71000D639A /* Employee.m */,
				E6DBE46B1E2D1B4E000D639A /* AppDelegate.h */,
				E6DBE46C1E2D1B4E000D639A /* AppDelegate.m */,
				E6DBE46E1E2D1B4E000D639A /* ViewController.h */,
				E6DBE46F1E2D1B4E000D639A /* ViewController.m */,
				E6DBE4711E2D1B4E000D639A /* Main.storyboard */,
				E6DBE4741E2D1B4E000D639A /* Assets.xcassets */,
				E6DBE4761E2D1B4E000D639A /* LaunchScreen.storyboard */,
				E6DBE4791E2D1B4E000D639A /* Info.plist */,
				E6DBE4681E2D1B4E000D639A /* Supporting Files */,
				E6D8C3E11E3B77B000C321EF /* TutorialApplication.xcdatamodeld */,
			);
			path = TutorialApplication;
			sourceTree = "<group>";
		};
		E6DBE4681E2D1B4E000D639A /* Supporting Files */ = {
			isa = PBXGroup;
			children = (
				E6DBE4691E2D1B4E000D639A /* main.m */,
			);
			name = "Supporting Files";
			sourceTree = "<group>";
		};
/* End PBXGroup section */

/* Begin PBXNativeTarget section */
		E6DBE4641E2D1B4D000D639A /* TutorialApplication */ = {
			isa = PBXNativeTarget;
			buildConfigurationList = E6DBE47C1E2D1B4E000D639A /* Build configuration list for PBXNativeTarget "TutorialApplication" */;
			buildPhases = (
				630EDEDB857FD9DBB0F183B1 /* [CP] Check Pods Manifest.lock */,
				E6DBE4611E2D1B4D000D639A /* Sources */,
				E6DBE4621E2D1B4D000D639A /* Frameworks */,
				E6DBE4631E2D1B4D000D639A /* Resources */,
				AA7629B7FDB73BFFF5A8FBB2 /* [CP] Embed Pods Frameworks */,
				A164EFBFA15CFD95717EA1C9 /* [CP] Copy Pods Resources */,
			);
			buildRules = (
			);
			dependencies = (
			);
			name = TutorialApplication;
			productName = TutorialApplication;
			productReference = E6DBE4651E2D1B4E000D639A /* TutorialApplication.app */;
			productType = "com.apple.product-type.application";
		};
/* End PBXNativeTarget section */

/* Begin PBXProject section */
		E6DBE45D1E2D1B4D000D639A /* Project object */ = {
			isa = PBXProject;
			attributes = {
				LastUpgradeCheck = 0820;
				ORGANIZATIONNAME = "Александр Егоров";
				TargetAttributes = {
					E6DBE4641E2D1B4D000D639A = {
						CreatedOnToolsVersion = 8.2.1;
						ProvisioningStyle = Automatic;
					};
				};
			};
			buildConfigurationList = E6DBE4601E2D1B4D000D639A /* Build configuration list for PBXProject "TutorialApplication" */;
			compatibilityVersion = "Xcode 3.2";
			developmentRegion = English;
			hasScannedForEncodings = 0;
			knownRegions = (
				en,
				Base,
			);
			mainGroup = E6DBE45C1E2D1B4D000D639A;
			productRefGroup = E6DBE4661E2D1B4E000D639A /* Products */;
			projectDirPath = "";
			projectRoot = "";
			targets = (
				E6DBE4641E2D1B4D000D639A /* TutorialApplication */,
			);
		};
/* End PBXProject section */

/* Begin PBXResourcesBuildPhase section */
		E6DBE4631E2D1B4D000D639A /* Resources */ = {
			isa = PBXResourcesBuildPhase;
			buildActionMask = 2147483647;
			files = (
				E6DBE4781E2D1B4E000D639A /* LaunchScreen.storyboard in Resources */,
				E6DBE4751E2D1B4E000D639A /* Assets.xcassets in Resources */,
				E6DBE4731E2D1B4E000D639A /* Main.storyboard in Resources */,
			);
			runOnlyForDeploymentPostprocessing = 0;
		};
/* End PBXResourcesBuildPhase section */

/* Begin PBXShellScriptBuildPhase section */
		630EDEDB857FD9DBB0F183B1 /* [CP] Check Pods Manifest.lock */ = {
			isa = PBXShellScriptBuildPhase;
			buildActionMask = 2147483647;
			files = (
			);
			inputPaths = (
			);
			name = "[CP] Check Pods Manifest.lock";
			outputPaths = (
			);
			runOnlyForDeploymentPostprocessing = 0;
			shellPath = /bin/sh;
			shellScript = "diff \"${PODS_ROOT}/../Podfile.lock\" \"${PODS_ROOT}/Manifest.lock\" > /dev/null\nif [ $? != 0 ] ; then\n    # print error to STDERR\n    echo \"error: The sandbox is not in sync with the Podfile.lock. Run 'pod install' or update your CocoaPods installation.\" >&2\n    exit 1\nfi\n";
			showEnvVarsInLog = 0;
		};
		A164EFBFA15CFD95717EA1C9 /* [CP] Copy Pods Resources */ = {
			isa = PBXShellScriptBuildPhase;
			buildActionMask = 2147483647;
			files = (
			);
			inputPaths = (
			);
			name = "[CP] Copy Pods Resources";
			outputPaths = (
			);
			runOnlyForDeploymentPostprocessing = 0;
			shellPath = /bin/sh;
			shellScript = "\"${SRCROOT}/Pods/Target Support Files/Pods-TutorialApplication/Pods-TutorialApplication-resources.sh\"\n";
			showEnvVarsInLog = 0;
		};
		AA7629B7FDB73BFFF5A8FBB2 /* [CP] Embed Pods Frameworks */ = {
			isa = PBXShellScriptBuildPhase;
			buildActionMask = 2147483647;
			files = (
			);
			inputPaths = (
			);
			name = "[CP] Embed Pods Frameworks";
			outputPaths = (
			);
			runOnlyForDeploymentPostprocessing = 0;
			shellPath = /bin/sh;
			shellScript = "\"${SRCROOT}/Pods/Target Support Files/Pods-TutorialApplication/Pods-TutorialApplication-frameworks.sh\"\n";
			showEnvVarsInLog = 0;
		};
/* End PBXShellScriptBuildPhase section */

/* Begin PBXSourcesBuildPhase section */
		E6DBE4611E2D1B4D000D639A /* Sources */ = {
			isa = PBXSourcesBuildPhase;
			buildActionMask = 2147483647;
			files = (
				E6F1217A1E407F0D00090373 /* TutorialApplication.xcdatamodeld in Sources */,
				E6F122131E409C7400090373 /* FFOrganization+CoreDataProperties.m in Sources */,
				E6D8C40A1E3BA12000C321EF /* Employee.m in Sources */,
				E6D8C4091E3BA11B00C321EF /* Organization.m in Sources */,
				E6F122101E409C7400090373 /* FFEmployee+CoreDataClass.m in Sources */,
				E6D8C4031E3B9ACB00C321EF /* CreateEmployeeViewController.m in Sources */,
				E6F122111E409C7400090373 /* FFEmployee+CoreDataProperties.m in Sources */,
				E6F122121E409C7400090373 /* FFOrganization+CoreDataClass.m in Sources */,
				E6D8C3FB1E3B957B00C321EF /* main.m in Sources */,
				E6D8C3F91E3B956300C321EF /* ViewController.m in Sources */,
				E6F122161E40A88100090373 /* DatabaseController.m in Sources */,
				E6D8C3F81E3B955F00C321EF /* AppDelegate.m in Sources */,
				E6D8C3F51E3B955300C321EF /* MainViewController.m in Sources */,
				E6D8C3F41E3B954F00C321EF /* DetailViewController.m in Sources */,
			);
			runOnlyForDeploymentPostprocessing = 0;
		};
/* End PBXSourcesBuildPhase section */

/* Begin PBXVariantGroup section */
		E6DBE4711E2D1B4E000D639A /* Main.storyboard */ = {
			isa = PBXVariantGroup;
			children = (
				E6DBE4721E2D1B4E000D639A /* Base */,
			);
			name = Main.storyboard;
			sourceTree = "<group>";
		};
		E6DBE4761E2D1B4E000D639A /* LaunchScreen.storyboard */ = {
			isa = PBXVariantGroup;
			children = (
				E6DBE4771E2D1B4E000D639A /* Base */,
			);
			name = LaunchScreen.storyboard;
			sourceTree = "<group>";
		};
/* End PBXVariantGroup section */

/* Begin XCBuildConfiguration section */
		E6DBE47A1E2D1B4E000D639A /* Debug */ = {
			isa = XCBuildConfiguration;
			buildSettings = {
				ALWAYS_SEARCH_USER_PATHS = NO;
				CLANG_ANALYZER_NONNULL = YES;
				CLANG_CXX_LANGUAGE_STANDARD = "gnu++0x";
				CLANG_CXX_LIBRARY = "libc++";
				CLANG_ENABLE_MODULES = YES;
				CLANG_ENABLE_OBJC_ARC = YES;
				CLANG_WARN_BOOL_CONVERSION = YES;
				CLANG_WARN_CONSTANT_CONVERSION = YES;
				CLANG_WARN_DIRECT_OBJC_ISA_USAGE = YES_ERROR;
				CLANG_WARN_DOCUMENTATION_COMMENTS = YES;
				CLANG_WARN_EMPTY_BODY = YES;
				CLANG_WARN_ENUM_CONVERSION = YES;
				CLANG_WARN_INFINITE_RECURSION = YES;
				CLANG_WARN_INT_CONVERSION = YES;
				CLANG_WARN_OBJC_ROOT_CLASS = YES_ERROR;
				CLANG_WARN_SUSPICIOUS_MOVE = YES;
				CLANG_WARN_UNREACHABLE_CODE = YES;
				CLANG_WARN__DUPLICATE_METHOD_MATCH = YES;
				"CODE_SIGN_IDENTITY[sdk=iphoneos*]" = "iPhone Developer";
				COPY_PHASE_STRIP = NO;
				DEBUG_INFORMATION_FORMAT = dwarf;
				ENABLE_STRICT_OBJC_MSGSEND = YES;
				ENABLE_TESTABILITY = YES;
				GCC_C_LANGUAGE_STANDARD = gnu99;
				GCC_DYNAMIC_NO_PIC = NO;
				GCC_NO_COMMON_BLOCKS = YES;
				GCC_OPTIMIZATION_LEVEL = 0;
				GCC_PREPROCESSOR_DEFINITIONS = (
					"DEBUG=1",
					"$(inherited)",
				);
				GCC_WARN_64_TO_32_BIT_CONVERSION = YES;
				GCC_WARN_ABOUT_RETURN_TYPE = YES_ERROR;
				GCC_WARN_UNDECLARED_SELECTOR = YES;
				GCC_WARN_UNINITIALIZED_AUTOS = YES_AGGRESSIVE;
				GCC_WARN_UNUSED_FUNCTION = YES;
				GCC_WARN_UNUSED_VARIABLE = YES;
				IPHONEOS_DEPLOYMENT_TARGET = 10.2;
				MTL_ENABLE_DEBUG_INFO = YES;
				ONLY_ACTIVE_ARCH = YES;
				SDKROOT = iphoneos;
				TARGETED_DEVICE_FAMILY = "1,2";
			};
			name = Debug;
		};
		E6DBE47B1E2D1B4E000D639A /* Release */ = {
			isa = XCBuildConfiguration;
			buildSettings = {
				ALWAYS_SEARCH_USER_PATHS = NO;
				CLANG_ANALYZER_NONNULL = YES;
				CLANG_CXX_LANGUAGE_STANDARD = "gnu++0x";
				CLANG_CXX_LIBRARY = "libc++";
				CLANG_ENABLE_MODULES = YES;
				CLANG_ENABLE_OBJC_ARC = YES;
				CLANG_WARN_BOOL_CONVERSION = YES;
				CLANG_WARN_CONSTANT_CONVERSION = YES;
				CLANG_WARN_DIRECT_OBJC_ISA_USAGE = YES_ERROR;
				CLANG_WARN_DOCUMENTATION_COMMENTS = YES;
				CLANG_WARN_EMPTY_BODY = YES;
				CLANG_WARN_ENUM_CONVERSION = YES;
				CLANG_WARN_INFINITE_RECURSION = YES;
				CLANG_WARN_INT_CONVERSION = YES;
				CLANG_WARN_OBJC_ROOT_CLASS = YES_ERROR;
				CLANG_WARN_SUSPICIOUS_MOVE = YES;
				CLANG_WARN_UNREACHABLE_CODE = YES;
				CLANG_WARN__DUPLICATE_METHOD_MATCH = YES;
				"CODE_SIGN_IDENTITY[sdk=iphoneos*]" = "iPhone Developer";
				COPY_PHASE_STRIP = NO;
				DEBUG_INFORMATION_FORMAT = "dwarf-with-dsym";
				ENABLE_NS_ASSERTIONS = NO;
				ENABLE_STRICT_OBJC_MSGSEND = YES;
				GCC_C_LANGUAGE_STANDARD = gnu99;
				GCC_NO_COMMON_BLOCKS = YES;
				GCC_WARN_64_TO_32_BIT_CONVERSION = YES;
				GCC_WARN_ABOUT_RETURN_TYPE = YES_ERROR;
				GCC_WARN_UNDECLARED_SELECTOR = YES;
				GCC_WARN_UNINITIALIZED_AUTOS = YES_AGGRESSIVE;
				GCC_WARN_UNUSED_FUNCTION = YES;
				GCC_WARN_UNUSED_VARIABLE = YES;
				IPHONEOS_DEPLOYMENT_TARGET = 10.2;
				MTL_ENABLE_DEBUG_INFO = NO;
				SDKROOT = iphoneos;
				TARGETED_DEVICE_FAMILY = "1,2";
				VALIDATE_PRODUCT = YES;
			};
			name = Release;
		};
		E6DBE47D1E2D1B4E000D639A /* Debug */ = {
			isa = XCBuildConfiguration;
			baseConfigurationReference = C5DAEB690B5F203228DE58FB /* Pods-TutorialApplication.debug.xcconfig */;
			buildSettings = {
				ASSETCATALOG_COMPILER_APPICON_NAME = AppIcon;
				INFOPLIST_FILE = TutorialApplication/Info.plist;
				LD_RUNPATH_SEARCH_PATHS = "$(inherited) @executable_path/Frameworks";
				PRODUCT_BUNDLE_IDENTIFIER = FF.TutorialApplication;
				PRODUCT_NAME = "$(TARGET_NAME)";
			};
			name = Debug;
		};
		E6DBE47E1E2D1B4E000D639A /* Release */ = {
			isa = XCBuildConfiguration;
			baseConfigurationReference = 11CEBB77B402CCC83724382D /* Pods-TutorialApplication.release.xcconfig */;
			buildSettings = {
				ASSETCATALOG_COMPILER_APPICON_NAME = AppIcon;
				INFOPLIST_FILE = TutorialApplication/Info.plist;
				LD_RUNPATH_SEARCH_PATHS = "$(inherited) @executable_path/Frameworks";
				PRODUCT_BUNDLE_IDENTIFIER = FF.TutorialApplication;
				PRODUCT_NAME = "$(TARGET_NAME)";
			};
			name = Release;
		};
/* End XCBuildConfiguration section */

/* Begin XCConfigurationList section */
		E6DBE4601E2D1B4D000D639A /* Build configuration list for PBXProject "TutorialApplication" */ = {
			isa = XCConfigurationList;
			buildConfigurations = (
				E6DBE47A1E2D1B4E000D639A /* Debug */,
				E6DBE47B1E2D1B4E000D639A /* Release */,
			);
			defaultConfigurationIsVisible = 0;
			defaultConfigurationName = Release;
		};
		E6DBE47C1E2D1B4E000D639A /* Build configuration list for PBXNativeTarget "TutorialApplication" */ = {
			isa = XCConfigurationList;
			buildConfigurations = (
				E6DBE47D1E2D1B4E000D639A /* Debug */,
				E6DBE47E1E2D1B4E000D639A /* Release */,
			);
			defaultConfigurationIsVisible = 0;
			defaultConfigurationName = Release;
		};
/* End XCConfigurationList section */

/* Begin XCVersionGroup section */
		E6D8C3E11E3B77B000C321EF /* TutorialApplication.xcdatamodeld */ = {
			isa = XCVersionGroup;
			children = (
				E6D8C3E21E3B77B000C321EF /* TutorialApplication.xcdatamodel */,
			);
			currentVersion = E6D8C3E21E3B77B000C321EF /* TutorialApplication.xcdatamodel */;
			path = TutorialApplication.xcdatamodeld;
			sourceTree = "<group>";
			versionGroupType = wrapper.xcdatamodel;
		};
/* End XCVersionGroup section */
	};
	rootObject = E6DBE45D1E2D1B4D000D639A /* Project object */;
}
